
Microsoft Visual Studio Solution File, Format Version 12.00
# Visual Studio Version 17
VisualStudioVersion = 17.11.35208.52
MinimumVisualStudioVersion = 10.0.40219.1
Project("{FAE04EC0-301F-11D3-BF4B-00C04F79EFBC}") = "HwTest.App", "HwTest.App\HwTest.App.csproj", "{8E30D570-3126-4F07-A9AB-67CF8E88563F}"
EndProject
Global
	GlobalSection(SolutionConfigurationPlatforms) = preSolution
		Debug|Any CPU = Debug|Any CPU
		Release|Any CPU = Release|Any CPU
	EndGlobalSection
	GlobalSection(ProjectConfigurationPlatforms) = postSolution
		{8E30D570-3126-4F07-A9AB-67CF8E88563F}.Debug|Any CPU.ActiveCfg = Debug|Any CPU
		{8E30D570-3126-4F07-A9AB-67CF8E88563F}.Debug|Any CPU.Build.0 = Debug|Any CPU
		{8E30D570-3126-4F07-A9AB-67CF8E88563F}.Release|Any CPU.ActiveCfg = Release|Any CPU
		{8E30D570-3126-4F07-A9AB-67CF8E88563F}.Release|Any CPU.Build.0 = Release|Any CPU
	EndGlobalSection
	GlobalSection(SolutionProperties) = preSolution
		HideSolutionNode = FALSE
	EndGlobalSection
	GlobalSection(ExtensibilityGlobals) = postSolution
		SolutionGuid = {17E6539B-8B5A-4FBB-A900-9B9F7E2D4AD5}
	EndGlobalSection
EndGlobal
